
Microsoft Visual Studio Solution File, Format Version 12.00
# Visual Studio Version 17
VisualStudioVersion = 17.5.002.0
MinimumVisualStudioVersion = 10.0.40219.1
Project("{9A19103F-16F7-4668-BE54-9A1E7A4F7556}") = "Explorando Sintaxe e Tipos de Dados", "Explorando Sintaxe e Tipos de Dados.csproj", "{D721D54C-9017-4ED1-A953-ECFD34239807}"
EndProject
Global
	GlobalSection(SolutionConfigurationPlatforms) = preSolution
		Debug|Any CPU = Debug|Any CPU
		Release|Any CPU = Release|Any CPU
	EndGlobalSection
	GlobalSection(ProjectConfigurationPlatforms) = postSolution
		{D721D54C-9017-4ED1-A953-ECFD34239807}.Debug|Any CPU.ActiveCfg = Debug|Any CPU
		{D721D54C-9017-4ED1-A953-ECFD34239807}.Debug|Any CPU.Build.0 = Debug|Any CPU
		{D721D54C-9017-4ED1-A953-ECFD34239807}.Release|Any CPU.ActiveCfg = Release|Any CPU
		{D721D54C-9017-4ED1-A953-ECFD34239807}.Release|Any CPU.Build.0 = Release|Any CPU
	EndGlobalSection
	GlobalSection(SolutionProperties) = preSolution
		HideSolutionNode = FALSE
	EndGlobalSection
	GlobalSection(ExtensibilityGlobals) = postSolution
		SolutionGuid = {E50C881D-5B11-47A2-9C03-E65B0AFB9B18}
	EndGlobalSection
EndGlobal
